{
  "name": "azycode",
  "version": "0.1.0",
  "lockfileVersion": 3,
  "requires": true,
  "packages": {
    "": {
      "name": "azycode",
      "version": "0.1.0",
      "license": "MIT",
      "bin": {
        "azycode": "bin/azycode.js"
      },
      "engines": {
        "node": ">=20.0.0"
      }
    }
  }
}
